
Microsoft Visual Studio Solution File, Format Version 12.00
# Visual Studio Version 17
VisualStudioVersion = 17.5.002.0
MinimumVisualStudioVersion = 10.0.40219.1
Project("{9A19103F-16F7-4668-BE54-9A1E7A4F7556}") = "Tamagotchi", "Tamagotchi\Tamagotchi.csproj", "{8BC7604F-2A08-42DE-B531-EACBB90AAF29}"
EndProject
Project("{9A19103F-16F7-4668-BE54-9A1E7A4F7556}") = "Tamagotchi.Tests", "Tamagotchi.Tests\Tamagotchi.Tests.csproj", "{5E1F5DDC-265D-4EEA-922B-CDFBB49F851A}"
EndProject
Global
	GlobalSection(SolutionConfigurationPlatforms) = preSolution
		Debug|Any CPU = Debug|Any CPU
		Release|Any CPU = Release|Any CPU
	EndGlobalSection
	GlobalSection(ProjectConfigurationPlatforms) = postSolution
		{8BC7604F-2A08-42DE-B531-EACBB90AAF29}.Debug|Any CPU.ActiveCfg = Debug|Any CPU
		{8BC7604F-2A08-42DE-B531-EACBB90AAF29}.Debug|Any CPU.Build.0 = Debug|Any CPU
		{8BC7604F-2A08-42DE-B531-EACBB90AAF29}.Release|Any CPU.ActiveCfg = Release|Any CPU
		{8BC7604F-2A08-42DE-B531-EACBB90AAF29}.Release|Any CPU.Build.0 = Release|Any CPU
		{5E1F5DDC-265D-4EEA-922B-CDFBB49F851A}.Debug|Any CPU.ActiveCfg = Debug|Any CPU
		{5E1F5DDC-265D-4EEA-922B-CDFBB49F851A}.Debug|Any CPU.Build.0 = Debug|Any CPU
		{5E1F5DDC-265D-4EEA-922B-CDFBB49F851A}.Release|Any CPU.ActiveCfg = Release|Any CPU
		{5E1F5DDC-265D-4EEA-922B-CDFBB49F851A}.Release|Any CPU.Build.0 = Release|Any CPU
	EndGlobalSection
	GlobalSection(SolutionProperties) = preSolution
		HideSolutionNode = FALSE
	EndGlobalSection
	GlobalSection(ExtensibilityGlobals) = postSolution
		SolutionGuid = {F672EAB2-79B6-4A2F-B564-49836A62236C}
	EndGlobalSection
EndGlobal
